
Microsoft Visual Studio Solution File, Format Version 12.00
# Visual Studio Express 2012 for Web
Project("{FAE04EC0-301F-11D3-BF4B-00C04F79EFBC}") = "blogspot", "blogspot\blogspot.csproj", "{A76C561F-3BC8-4A9D-9C9C-93729E406AD1}"
EndProject
Project("{FAE04EC0-301F-11D3-BF4B-00C04F79EFBC}") = "blogspot.Tests", "blogspot.Tests\blogspot.Tests.csproj", "{CE0B8F2C-C053-4343-B064-4DAB292EA49C}"
EndProject
Global
	GlobalSection(SolutionConfigurationPlatforms) = preSolution
		Debug|Any CPU = Debug|Any CPU
		Release|Any CPU = Release|Any CPU
	EndGlobalSection
	GlobalSection(ProjectConfigurationPlatforms) = postSolution
		{A76C561F-3BC8-4A9D-9C9C-93729E406AD1}.Debug|Any CPU.ActiveCfg = Debug|Any CPU
		{A76C561F-3BC8-4A9D-9C9C-93729E406AD1}.Debug|Any CPU.Build.0 = Debug|Any CPU
		{A76C561F-3BC8-4A9D-9C9C-93729E406AD1}.Release|Any CPU.ActiveCfg = Release|Any CPU
		{A76C561F-3BC8-4A9D-9C9C-93729E406AD1}.Release|Any CPU.Build.0 = Release|Any CPU
		{CE0B8F2C-C053-4343-B064-4DAB292EA49C}.Debug|Any CPU.ActiveCfg = Debug|Any CPU
		{CE0B8F2C-C053-4343-B064-4DAB292EA49C}.Debug|Any CPU.Build.0 = Debug|Any CPU
		{CE0B8F2C-C053-4343-B064-4DAB292EA49C}.Release|Any CPU.ActiveCfg = Release|Any CPU
		{CE0B8F2C-C053-4343-B064-4DAB292EA49C}.Release|Any CPU.Build.0 = Release|Any CPU
	EndGlobalSection
	GlobalSection(SolutionProperties) = preSolution
		HideSolutionNode = FALSE
	EndGlobalSection
EndGlobal
