
Microsoft Visual Studio Solution File, Format Version 12.00
# Visual Studio Express 2012 for Web
Project("{FAE04EC0-301F-11D3-BF4B-00C04F79EFBC}") = "blogspot", "blogspot\blogspot.csproj", "{EFC1DB1E-B4FA-4D4B-B640-D6167F405078}"
EndProject
Project("{FAE04EC0-301F-11D3-BF4B-00C04F79EFBC}") = "blogspot.Tests", "blogspot.Tests\blogspot.Tests.csproj", "{1FB7D2A2-F5BA-4F83-9D1D-80B4AE03D22D}"
EndProject
Global
	GlobalSection(SolutionConfigurationPlatforms) = preSolution
		Debug|Any CPU = Debug|Any CPU
		Release|Any CPU = Release|Any CPU
	EndGlobalSection
	GlobalSection(ProjectConfigurationPlatforms) = postSolution
		{EFC1DB1E-B4FA-4D4B-B640-D6167F405078}.Debug|Any CPU.ActiveCfg = Debug|Any CPU
		{EFC1DB1E-B4FA-4D4B-B640-D6167F405078}.Debug|Any CPU.Build.0 = Debug|Any CPU
		{EFC1DB1E-B4FA-4D4B-B640-D6167F405078}.Release|Any CPU.ActiveCfg = Release|Any CPU
		{EFC1DB1E-B4FA-4D4B-B640-D6167F405078}.Release|Any CPU.Build.0 = Release|Any CPU
		{1FB7D2A2-F5BA-4F83-9D1D-80B4AE03D22D}.Debug|Any CPU.ActiveCfg = Debug|Any CPU
		{1FB7D2A2-F5BA-4F83-9D1D-80B4AE03D22D}.Debug|Any CPU.Build.0 = Debug|Any CPU
		{1FB7D2A2-F5BA-4F83-9D1D-80B4AE03D22D}.Release|Any CPU.ActiveCfg = Release|Any CPU
		{1FB7D2A2-F5BA-4F83-9D1D-80B4AE03D22D}.Release|Any CPU.Build.0 = Release|Any CPU
	EndGlobalSection
	GlobalSection(SolutionProperties) = preSolution
		HideSolutionNode = FALSE
	EndGlobalSection
EndGlobal
